
Microsoft Visual Studio Solution File, Format Version 12.00
# Visual Studio Version 16
VisualStudioVersion = 16.0.30114.105
MinimumVisualStudioVersion = 10.0.40219.1
Project("{9A19103F-16F7-4668-BE54-9A1E7A4F7556}") = "KampIntro", "KampIntro\KampIntro.csproj", "{95213D98-FAF9-40F4-8FA4-203203049BCE}"
EndProject
Project("{9A19103F-16F7-4668-BE54-9A1E7A4F7556}") = "Donguler", "Donguler\Donguler.csproj", "{A07FFB45-B512-4E8A-9794-A4A6599C6F32}"
EndProject
Project("{9A19103F-16F7-4668-BE54-9A1E7A4F7556}") = "ClassIntro", "ClassIntro\ClassIntro.csproj", "{D049BB4F-052D-4A83-B49C-9C2457F2BCEF}"
EndProject
Project("{9A19103F-16F7-4668-BE54-9A1E7A4F7556}") = "Metotlar", "Metotlar\Metotlar.csproj", "{FBCA8B18-4298-4D35-996E-344C2ED2F755}"
EndProject
Project("{9A19103F-16F7-4668-BE54-9A1E7A4F7556}") = "Matematik", "Matematik\Matematik.csproj", "{7122B009-669E-41E2-98AD-813BAAE5F876}"
EndProject
Project("{9A19103F-16F7-4668-BE54-9A1E7A4F7556}") = "DegerVeReferansTipler", "DegerVeReferansTipler\DegerVeReferansTipler.csproj", "{BEECB616-AFAE-4244-8860-F09192DCF91C}"
EndProject
Project("{FAE04EC0-301F-11D3-BF4B-00C04F79EFBC}") = "OOP1", "OOP1\OOP1.csproj", "{C26657C6-DDBF-4898-853D-8BE8DA3F3FB2}"
EndProject
Project("{FAE04EC0-301F-11D3-BF4B-00C04F79EFBC}") = "Koleksiyonlar", "Koleksiyonlar\Koleksiyonlar.csproj", "{BABC7A1B-5CE2-435F-BB18-6A57E2F45134}"
EndProject
Project("{FAE04EC0-301F-11D3-BF4B-00C04F79EFBC}") = "GenericsIntro", "GenericsIntro\GenericsIntro.csproj", "{705E694F-2C10-4582-9F10-B6CAA62631CF}"
EndProject
Global
	GlobalSection(SolutionConfigurationPlatforms) = preSolution
		Debug|Any CPU = Debug|Any CPU
		Release|Any CPU = Release|Any CPU
	EndGlobalSection
	GlobalSection(ProjectConfigurationPlatforms) = postSolution
		{95213D98-FAF9-40F4-8FA4-203203049BCE}.Debug|Any CPU.ActiveCfg = Debug|Any CPU
		{95213D98-FAF9-40F4-8FA4-203203049BCE}.Debug|Any CPU.Build.0 = Debug|Any CPU
		{95213D98-FAF9-40F4-8FA4-203203049BCE}.Release|Any CPU.ActiveCfg = Release|Any CPU
		{95213D98-FAF9-40F4-8FA4-203203049BCE}.Release|Any CPU.Build.0 = Release|Any CPU
		{A07FFB45-B512-4E8A-9794-A4A6599C6F32}.Debug|Any CPU.ActiveCfg = Debug|Any CPU
		{A07FFB45-B512-4E8A-9794-A4A6599C6F32}.Debug|Any CPU.Build.0 = Debug|Any CPU
		{A07FFB45-B512-4E8A-9794-A4A6599C6F32}.Release|Any CPU.ActiveCfg = Release|Any CPU
		{A07FFB45-B512-4E8A-9794-A4A6599C6F32}.Release|Any CPU.Build.0 = Release|Any CPU
		{D049BB4F-052D-4A83-B49C-9C2457F2BCEF}.Debug|Any CPU.ActiveCfg = Debug|Any CPU
		{D049BB4F-052D-4A83-B49C-9C2457F2BCEF}.Debug|Any CPU.Build.0 = Debug|Any CPU
		{D049BB4F-052D-4A83-B49C-9C2457F2BCEF}.Release|Any CPU.ActiveCfg = Release|Any CPU
		{D049BB4F-052D-4A83-B49C-9C2457F2BCEF}.Release|Any CPU.Build.0 = Release|Any CPU
		{FBCA8B18-4298-4D35-996E-344C2ED2F755}.Debug|Any CPU.ActiveCfg = Debug|Any CPU
		{FBCA8B18-4298-4D35-996E-344C2ED2F755}.Debug|Any CPU.Build.0 = Debug|Any CPU
		{FBCA8B18-4298-4D35-996E-344C2ED2F755}.Release|Any CPU.ActiveCfg = Release|Any CPU
		{FBCA8B18-4298-4D35-996E-344C2ED2F755}.Release|Any CPU.Build.0 = Release|Any CPU
		{7122B009-669E-41E2-98AD-813BAAE5F876}.Debug|Any CPU.ActiveCfg = Debug|Any CPU
		{7122B009-669E-41E2-98AD-813BAAE5F876}.Debug|Any CPU.Build.0 = Debug|Any CPU
		{7122B009-669E-41E2-98AD-813BAAE5F876}.Release|Any CPU.ActiveCfg = Release|Any CPU
		{7122B009-669E-41E2-98AD-813BAAE5F876}.Release|Any CPU.Build.0 = Release|Any CPU
		{BEECB616-AFAE-4244-8860-F09192DCF91C}.Debug|Any CPU.ActiveCfg = Debug|Any CPU
		{BEECB616-AFAE-4244-8860-F09192DCF91C}.Debug|Any CPU.Build.0 = Debug|Any CPU
		{BEECB616-AFAE-4244-8860-F09192DCF91C}.Release|Any CPU.ActiveCfg = Release|Any CPU
		{BEECB616-AFAE-4244-8860-F09192DCF91C}.Release|Any CPU.Build.0 = Release|Any CPU
		{C26657C6-DDBF-4898-853D-8BE8DA3F3FB2}.Debug|Any CPU.ActiveCfg = Debug|Any CPU
		{C26657C6-DDBF-4898-853D-8BE8DA3F3FB2}.Debug|Any CPU.Build.0 = Debug|Any CPU
		{C26657C6-DDBF-4898-853D-8BE8DA3F3FB2}.Release|Any CPU.ActiveCfg = Release|Any CPU
		{C26657C6-DDBF-4898-853D-8BE8DA3F3FB2}.Release|Any CPU.Build.0 = Release|Any CPU
		{BABC7A1B-5CE2-435F-BB18-6A57E2F45134}.Debug|Any CPU.ActiveCfg = Debug|Any CPU
		{BABC7A1B-5CE2-435F-BB18-6A57E2F45134}.Debug|Any CPU.Build.0 = Debug|Any CPU
		{BABC7A1B-5CE2-435F-BB18-6A57E2F45134}.Release|Any CPU.ActiveCfg = Release|Any CPU
		{BABC7A1B-5CE2-435F-BB18-6A57E2F45134}.Release|Any CPU.Build.0 = Release|Any CPU
		{705E694F-2C10-4582-9F10-B6CAA62631CF}.Debug|Any CPU.ActiveCfg = Debug|Any CPU
		{705E694F-2C10-4582-9F10-B6CAA62631CF}.Debug|Any CPU.Build.0 = Debug|Any CPU
		{705E694F-2C10-4582-9F10-B6CAA62631CF}.Release|Any CPU.ActiveCfg = Release|Any CPU
		{705E694F-2C10-4582-9F10-B6CAA62631CF}.Release|Any CPU.Build.0 = Release|Any CPU
	EndGlobalSection
	GlobalSection(SolutionProperties) = preSolution
		HideSolutionNode = FALSE
	EndGlobalSection
	GlobalSection(ExtensibilityGlobals) = postSolution
		SolutionGuid = {CE153CE5-1C1B-4249-A39E-9FF023F0D8B8}
	EndGlobalSection
EndGlobal
